<?xml version="1.0" encoding="utf-8"?>
<Project ToolsVersion="4.0" xmlns="http://schemas.microsoft.com/developer/msbuild/2003">
  <ItemGroup>
    <ClCompile Include="Source\EDApp.cpp">
      <Filter>Application</Filter>
    </ClCompile>
    <ClCompile Include="Source\Main.cpp">
      <Filter>Application</Filter>
    </ClCompile>
  </ItemGroup>
  <ItemGroup>
    <ClInclude Include="Source\AppConfig.h">
      <Filter>Application</Filter>
    </ClInclude>
    <ClInclude Include="Source\EDApp.h">
      <Filter>Application</Filter>
    </ClInclude>
  </ItemGroup>
  <ItemGroup>
    <Filter Include="Application">
      <UniqueIdentifier>{13ebc0c6-b222-44da-a55d-12e1163216e5}</UniqueIdentifier>
    </Filter>
  </ItemGroup>
</Project>